<?xml version="1.0" encoding="utf-8"?>
<Project ToolsVersion="4.0" xmlns="http://schemas.microsoft.com/developer/msbuild/2003">
  <ItemGroup>
    <Filter Include="소스 파일">
      <UniqueIdentifier>{4FC737F1-C7A5-4376-A066-2A32D752A2FF}</UniqueIdentifier>
      <Extensions>cpp;c;cc;cxx;c++;cppm;ixx;def;odl;idl;hpj;bat;asm;asmx</Extensions>
    </Filter>
    <Filter Include="헤더 파일">
      <UniqueIdentifier>{93995380-89BD-4b04-88EB-625FBE52EBFB}</UniqueIdentifier>
      <Extensions>h;hh;hpp;hxx;h++;hm;inl;inc;ipp;xsd</Extensions>
    </Filter>
    <Filter Include="리소스 파일">
      <UniqueIdentifier>{67DA6AB6-F800-4c08-8B7A-83BB121AAD01}</UniqueIdentifier>
      <Extensions>rc;ico;cur;bmp;dlg;rc2;rct;bin;rgs;gif;jpg;jpeg;jpe;resx;tiff;tif;png;wav;mfcribbon-ms</Extensions>
    </Filter>
    <Filter Include="소스 파일\몸풀기문제">
      <UniqueIdentifier>{75c3c86a-a238-4bb1-a729-faea5293e92b}</UniqueIdentifier>
    </Filter>
    <Filter Include="소스 파일\모의고사">
      <UniqueIdentifier>{4c2b7e38-c866-4169-8dac-610fdefbf2ba}</UniqueIdentifier>
    </Filter>
    <Filter Include="소스 파일\몸풀기문제\Chapter 6">
      <UniqueIdentifier>{5c4e5fe4-3668-4ea6-be4d-6be3fb6e2084}</UniqueIdentifier>
    </Filter>
    <Filter Include="소스 파일\모의고사\Chapter 6">
      <UniqueIdentifier>{6a688413-32a9-4aa8-9c83-1c6c8696de5c}</UniqueIdentifier>
    </Filter>
    <Filter Include="소스 파일\몸풀기문제\Chapter 7">
      <UniqueIdentifier>{26d4e713-e362-4ae0-b73c-01c7227fe324}</UniqueIdentifier>
    </Filter>
    <Filter Include="소스 파일\모의고사\Chapter 7">
      <UniqueIdentifier>{06e2699d-46e8-41ea-8dda-67a8cded17c6}</UniqueIdentifier>
    </Filter>
    <Filter Include="소스 파일\모의고사\Chapter 5">
      <UniqueIdentifier>{aa1c93f8-a8cf-4d25-9d99-352441b6c0a1}</UniqueIdentifier>
    </Filter>
    <Filter Include="소스 파일\몸풀기문제\Chapter 5">
      <UniqueIdentifier>{2dd4f148-4f53-444e-8751-348141f41315}</UniqueIdentifier>
    </Filter>
    <Filter Include="소스 파일\몸풀기문제\Chapter 8">
      <UniqueIdentifier>{56c6e1ee-34dc-42f5-94f5-9a50f11d7059}</UniqueIdentifier>
    </Filter>
    <Filter Include="소스 파일\모의고사\Chapter 8">
      <UniqueIdentifier>{d81b3962-5997-4168-8da3-c411060f521e}</UniqueIdentifier>
    </Filter>
    <Filter Include="소스 파일\몸풀기문제\Chapter 9">
      <UniqueIdentifier>{cd54542c-516c-4451-bee1-e4276201c9f1}</UniqueIdentifier>
    </Filter>
    <Filter Include="소스 파일\모의고사\Chapter 9">
      <UniqueIdentifier>{c305602f-e4b2-4f3f-b386-c540224af364}</UniqueIdentifier>
    </Filter>
    <Filter Include="소스 파일\몸풀기문제\Chapter 10">
      <UniqueIdentifier>{7fb90b88-85c1-4ee8-a760-cc5c58e23ecf}</UniqueIdentifier>
    </Filter>
    <Filter Include="소스 파일\모의고사\Chapter 10">
      <UniqueIdentifier>{a51f01b8-c3c7-419e-a282-e4b5ffb607c2}</UniqueIdentifier>
    </Filter>
    <Filter Include="소스 파일\몸풀기문제\Chapter 11">
      <UniqueIdentifier>{d4ad7856-29f3-4db2-a84c-95045bce467c}</UniqueIdentifier>
    </Filter>
    <Filter Include="소스 파일\모의고사\Chapter 11">
      <UniqueIdentifier>{a313bb47-ddac-498b-bcb6-f2561ef06f0b}</UniqueIdentifier>
    </Filter>
    <Filter Include="소스 파일\몸풀기문제\Chapter 12">
      <UniqueIdentifier>{60c4f6ed-945b-4eb0-827c-225edcb3a916}</UniqueIdentifier>
    </Filter>
    <Filter Include="소스 파일\모의고사\Chapter 12">
      <UniqueIdentifier>{71481c76-3545-4713-82a6-67ad5a753a57}</UniqueIdentifier>
    </Filter>
    <Filter Include="소스 파일\몸풀기문제\Chapter 13">
      <UniqueIdentifier>{b04b3354-4e00-4e0c-8ca5-5219ef14f62c}</UniqueIdentifier>
    </Filter>
    <Filter Include="소스 파일\모의고사\Chapter 13">
      <UniqueIdentifier>{88161a87-69a8-493f-960b-39e969357694}</UniqueIdentifier>
    </Filter>
    <Filter Include="소스 파일\몸풀기문제\Chapter 14">
      <UniqueIdentifier>{d2add361-1d2f-4d7c-99a7-e5beaf56c489}</UniqueIdentifier>
    </Filter>
    <Filter Include="소스 파일\모의고사\Chapter 14">
      <UniqueIdentifier>{b6a2fdd9-370f-48e1-8500-c236909c442f}</UniqueIdentifier>
    </Filter>
    <Filter Include="소스 파일\몸풀기문제\Chapter 15">
      <UniqueIdentifier>{a2fcc53c-e6fd-4754-a31e-32da52556223}</UniqueIdentifier>
    </Filter>
    <Filter Include="소스 파일\모의고사\Chapter 15">
      <UniqueIdentifier>{b9022eec-968f-4c0e-902b-ab0a2cfe3317}</UniqueIdentifier>
    </Filter>
  </ItemGroup>
  <ItemGroup>
    <ClCompile Include="괄호 짝 맞추기.cpp">
      <Filter>소스 파일\몸풀기문제\Chapter 6</Filter>
    </ClCompile>
    <ClCompile Include="10진수를 2진수로 변환하기.cpp">
      <Filter>소스 파일\몸풀기문제\Chapter 6</Filter>
    </ClCompile>
    <ClCompile Include="괄호 회전하기.cpp">
      <Filter>소스 파일\모의고사\Chapter 6</Filter>
    </ClCompile>
    <ClCompile Include="짝지어　제거하기.cpp">
      <Filter>소스 파일\모의고사\Chapter 6</Filter>
    </ClCompile>
    <ClCompile Include="주식 가격.cpp">
      <Filter>소스 파일\모의고사\Chapter 6</Filter>
    </ClCompile>
    <ClCompile Include="크레인 인형 뽑기 게임.cpp">
      <Filter>소스 파일\모의고사\Chapter 6</Filter>
    </ClCompile>
    <ClCompile Include="표 편집(고난이도).cpp">
      <Filter>소스 파일\모의고사\Chapter 6</Filter>
    </ClCompile>
    <ClCompile Include="요세푸스 문제.cpp">
      <Filter>소스 파일\몸풀기문제\Chapter 7</Filter>
    </ClCompile>
    <ClCompile Include="기능 개발.cpp">
      <Filter>소스 파일\모의고사\Chapter 7</Filter>
    </ClCompile>
    <ClCompile Include="카드 뭉치.cpp">
      <Filter>소스 파일\모의고사\Chapter 7</Filter>
    </ClCompile>
    <ClCompile Include="두 수를 뽑아서 더하기.cpp">
      <Filter>소스 파일\모의고사\Chapter 5</Filter>
    </ClCompile>
    <ClCompile Include="모의고사.cpp">
      <Filter>소스 파일\모의고사\Chapter 5</Filter>
    </ClCompile>
    <ClCompile Include="방문 길이.cpp">
      <Filter>소스 파일\모의고사\Chapter 5</Filter>
    </ClCompile>
    <ClCompile Include="실패율.cpp">
      <Filter>소스 파일\모의고사\Chapter 5</Filter>
    </ClCompile>
    <ClCompile Include="행렬의 곱셈.cpp">
      <Filter>소스 파일\모의고사\Chapter 5</Filter>
    </ClCompile>
    <ClCompile Include="배열 정렬하기.cpp">
      <Filter>소스 파일\몸풀기문제\Chapter 5</Filter>
    </ClCompile>
    <ClCompile Include="배열 제어하기.cpp">
      <Filter>소스 파일\몸풀기문제\Chapter 5</Filter>
    </ClCompile>
    <ClCompile Include="두개의 수로 특정 값 만들기.cpp">
      <Filter>소스 파일\몸풀기문제\Chapter 8</Filter>
    </ClCompile>
    <ClCompile Include="문자열 해싱을 이용한 검색 함수 만들기.cpp">
      <Filter>소스 파일\몸풀기문제\Chapter 8</Filter>
    </ClCompile>
    <ClCompile Include="완주하지 못한 선수.cpp">
      <Filter>소스 파일\모의고사\Chapter 8</Filter>
    </ClCompile>
    <ClCompile Include="영어 끝말잇기.cpp">
      <Filter>소스 파일\모의고사\Chapter 8</Filter>
    </ClCompile>
    <ClCompile Include="전화번호 목록.cpp">
      <Filter>소스 파일\모의고사\Chapter 8</Filter>
    </ClCompile>
    <ClCompile Include="할인 행사.cpp">
      <Filter>소스 파일\모의고사\Chapter 8</Filter>
    </ClCompile>
    <ClCompile Include="오픈 채팅방.cpp">
      <Filter>소스 파일\모의고사\Chapter 8</Filter>
    </ClCompile>
    <ClCompile Include="베스트 앨범.cpp">
      <Filter>소스 파일\모의고사\Chapter 8</Filter>
    </ClCompile>
    <ClCompile Include="신고 결과 받기.cpp">
      <Filter>소스 파일\모의고사\Chapter 8</Filter>
    </ClCompile>
    <ClCompile Include="메뉴 리뉴얼.cpp">
      <Filter>소스 파일\모의고사\Chapter 8</Filter>
    </ClCompile>
    <ClCompile Include="트리 순회.cpp">
      <Filter>소스 파일\몸풀기문제\Chapter 9</Filter>
    </ClCompile>
    <ClCompile Include="이진 탐색 트리 구현.cpp">
      <Filter>소스 파일\몸풀기문제\Chapter 9</Filter>
    </ClCompile>
    <ClCompile Include="예상 대진표.cpp">
      <Filter>소스 파일\모의고사\Chapter 9</Filter>
    </ClCompile>
    <ClCompile Include="다단계 칫솔 판매.cpp">
      <Filter>소스 파일\모의고사\Chapter 9</Filter>
    </ClCompile>
    <ClCompile Include="길 찾기 게임.cpp">
      <Filter>소스 파일\모의고사\Chapter 9</Filter>
    </ClCompile>
    <ClCompile Include="간단한 유니온-파인드 알고리즘 구현하기.cpp">
      <Filter>소스 파일\몸풀기문제\Chapter 10</Filter>
    </ClCompile>
    <ClCompile Include="폰켓몬.cpp">
      <Filter>소스 파일\모의고사\Chapter 10</Filter>
    </ClCompile>
    <ClCompile Include="섬 연결하기.cpp">
      <Filter>소스 파일\모의고사\Chapter 10</Filter>
    </ClCompile>
    <ClCompile Include="깊이 우선 탐색 순회.cpp">
      <Filter>소스 파일\몸풀기문제\Chapter 11</Filter>
    </ClCompile>
    <ClCompile Include="너비 우선 탐색 순회.cpp">
      <Filter>소스 파일\몸풀기문제\Chapter 11</Filter>
    </ClCompile>
    <ClCompile Include="다익스트라 알고리즘.cpp">
      <Filter>소스 파일\몸풀기문제\Chapter 11</Filter>
    </ClCompile>
    <ClCompile Include="벨만-포드 알고리즘.cpp">
      <Filter>소스 파일\몸풀기문제\Chapter 11</Filter>
    </ClCompile>
    <ClCompile Include="미로 탈출.cpp">
      <Filter>소스 파일\모의고사\Chapter 11</Filter>
    </ClCompile>
    <ClCompile Include="게임 맵 최단거리.cpp">
      <Filter>소스 파일\모의고사\Chapter 11</Filter>
    </ClCompile>
    <ClCompile Include="네트워크.cpp">
      <Filter>소스 파일\모의고사\Chapter 11</Filter>
    </ClCompile>
    <ClCompile Include="양과 늑대.cpp">
      <Filter>소스 파일\모의고사\Chapter 11</Filter>
    </ClCompile>
    <ClCompile Include="배달.cpp">
      <Filter>소스 파일\모의고사\Chapter 11</Filter>
    </ClCompile>
    <ClCompile Include="경주로 건설.cpp">
      <Filter>소스 파일\모의고사\Chapter 11</Filter>
    </ClCompile>
    <ClCompile Include="전력망을 둘로 나누기.cpp">
      <Filter>소스 파일\모의고사\Chapter 11</Filter>
    </ClCompile>
    <ClCompile Include="1부터 N까지 숫자 합이 10이 되는 조합 구하기.cpp">
      <Filter>소스 파일\몸풀기문제\Chapter 12</Filter>
    </ClCompile>
    <ClCompile Include="스도쿠 퍼즐.cpp">
      <Filter>소스 파일\몸풀기문제\Chapter 12</Filter>
    </ClCompile>
    <ClCompile Include="피로도.cpp">
      <Filter>소스 파일\모의고사\Chapter 12</Filter>
    </ClCompile>
    <ClCompile Include="N-퀸.cpp">
      <Filter>소스 파일\모의고사\Chapter 12</Filter>
    </ClCompile>
    <ClCompile Include="양궁대회.cpp">
      <Filter>소스 파일\모의고사\Chapter 12</Filter>
    </ClCompile>
    <ClCompile Include="외벽 점검.cpp">
      <Filter>소스 파일\모의고사\Chapter 12</Filter>
    </ClCompile>
    <ClCompile Include="사라지는 발판.cpp">
      <Filter>소스 파일\모의고사\Chapter 12</Filter>
    </ClCompile>
    <ClCompile Include="계수 정렬 구현하기.cpp">
      <Filter>소스 파일\몸풀기문제\Chapter 13</Filter>
    </ClCompile>
    <ClCompile Include="정렬이 완료된 두 배열 합치기.cpp">
      <Filter>소스 파일\몸풀기문제\Chapter 13</Filter>
    </ClCompile>
    <ClCompile Include="문자열 내 마음대로 정렬하기.cpp">
      <Filter>소스 파일\모의고사\Chapter 13</Filter>
    </ClCompile>
    <ClCompile Include="정수 내림차순으로 배치하기.cpp">
      <Filter>소스 파일\모의고사\Chapter 13</Filter>
    </ClCompile>
    <ClCompile Include="K번째 수.cpp">
      <Filter>소스 파일\모의고사\Chapter 13</Filter>
    </ClCompile>
    <ClCompile Include="가장 큰 수.cpp">
      <Filter>소스 파일\모의고사\Chapter 13</Filter>
    </ClCompile>
    <ClCompile Include="튜플.cpp">
      <Filter>소스 파일\모의고사\Chapter 13</Filter>
    </ClCompile>
    <ClCompile Include="지형 이동.cpp">
      <Filter>소스 파일\모의고사\Chapter 13</Filter>
    </ClCompile>
    <ClCompile Include="배열 회전하기.cpp">
      <Filter>소스 파일\몸풀기문제\Chapter 14</Filter>
    </ClCompile>
    <ClCompile Include="두 행렬을 곱한 후 전치행렬 만들기.cpp">
      <Filter>소스 파일\몸풀기문제\Chapter 14</Filter>
    </ClCompile>
    <ClCompile Include="달팽이 수열 만들기.cpp">
      <Filter>소스 파일\몸풀기문제\Chapter 14</Filter>
    </ClCompile>
    <ClCompile Include="이진 변환.cpp">
      <Filter>소스 파일\모의고사\Chapter 14</Filter>
    </ClCompile>
    <ClCompile Include="롤케이크 자르기.cpp">
      <Filter>소스 파일\모의고사\Chapter 14</Filter>
    </ClCompile>
    <ClCompile Include="카펫.cpp">
      <Filter>소스 파일\모의고사\Chapter 14</Filter>
    </ClCompile>
    <ClCompile Include="점프와 순간이동.cpp">
      <Filter>소스 파일\모의고사\Chapter 14</Filter>
    </ClCompile>
    <ClCompile Include="캐릭터의 좌표.cpp">
      <Filter>소스 파일\모의고사\Chapter 14</Filter>
    </ClCompile>
    <ClCompile Include="LCS 길이 계산하기.cpp">
      <Filter>소스 파일\몸풀기문제\Chapter 15</Filter>
    </ClCompile>
    <ClCompile Include="LIS 길이 계산하기.cpp">
      <Filter>소스 파일\몸풀기문제\Chapter 15</Filter>
    </ClCompile>
    <ClCompile Include="조약돌 문제.cpp">
      <Filter>소스 파일\몸풀기문제\Chapter 15</Filter>
    </ClCompile>
    <ClCompile Include="피보나치 수.cpp">
      <Filter>소스 파일\모의고사\Chapter 15</Filter>
    </ClCompile>
    <ClCompile Include="2 x n 타일링.cpp">
      <Filter>소스 파일\모의고사\Chapter 15</Filter>
    </ClCompile>
  </ItemGroup>
</Project>